
Microsoft Visual Studio Solution File, Format Version 12.00
# Visual Studio Version 16
VisualStudioVersion = 16.0.29728.190
MinimumVisualStudioVersion = 10.0.40219.1
Project("{FAE04EC0-301F-11D3-BF4B-00C04F79EFBC}") = "RegexFileRenamer", "RegexFileRenamer\RegexFileRenamer.csproj", "{27AFE6D0-0EF4-4904-A17C-845C39701FB2}"
EndProject
Global
	GlobalSection(SolutionConfigurationPlatforms) = preSolution
		Debug|Any CPU = Debug|Any CPU
		Release|Any CPU = Release|Any CPU
	EndGlobalSection
	GlobalSection(ProjectConfigurationPlatforms) = postSolution
		{27AFE6D0-0EF4-4904-A17C-845C39701FB2}.Debug|Any CPU.ActiveCfg = Debug|Any CPU
		{27AFE6D0-0EF4-4904-A17C-845C39701FB2}.Debug|Any CPU.Build.0 = Debug|Any CPU
		{27AFE6D0-0EF4-4904-A17C-845C39701FB2}.Release|Any CPU.ActiveCfg = Release|Any CPU
		{27AFE6D0-0EF4-4904-A17C-845C39701FB2}.Release|Any CPU.Build.0 = Release|Any CPU
	EndGlobalSection
	GlobalSection(SolutionProperties) = preSolution
		HideSolutionNode = FALSE
	EndGlobalSection
	GlobalSection(ExtensibilityGlobals) = postSolution
		SolutionGuid = {1FC0770A-81FD-4718-BB8E-D6CD9386651D}
	EndGlobalSection
EndGlobal
